// !$*UTF8*$!
{
	archiveVersion = 1;
	classes = {
	};
	objectVersion = 77;
	objects = {

/* Begin PBXBuildFile section */
		02A4767584E661E1B483528A /* TrustedMemberViewModel.swift in Sources */ = {isa = PBXBuildFile; fileRef = 806EF6D0EE937252EF515B17 /* TrustedMemberViewModel.swift */; };
		1E41435352409C810D9AA888 /* ThermyxBLEService.swift in Sources */ = {isa = PBXBuildFile; fileRef = 7CA538DFA4600B68E099332A /* ThermyxBLEService.swift */; };
		2DB8DB3B580A74FDE3E59A38 /* ThermyxAlertCoordinator.swift in Sources */ = {isa = PBXBuildFile; fileRef = 01080BFDCEC28F25EBE44728 /* ThermyxAlertCoordinator.swift */; };
		45D62C4F099664E4D7B930FA /* Assets.xcassets in Resources */ = {isa = PBXBuildFile; fileRef = 6D9425519B32F4E81A7780E5 /* Assets.xcassets */; };
		490531F524977FA6372ACBD0 /* ThermyxSettingsStore.swift in Sources */ = {isa = PBXBuildFile; fileRef = 2D64403C90A2280F8ADB3102 /* ThermyxSettingsStore.swift */; };
		55D883179F8EDF526F639108 /* BLE_PROTOCOL.md in Resources */ = {isa = PBXBuildFile; fileRef = E7469F5A61122AB8652C6F7C /* BLE_PROTOCOL.md */; };
		90BD33275A3C87E67E5B3ABA /* ThermyxViewModel.swift in Sources */ = {isa = PBXBuildFile; fileRef = 6C3F4513956836B6B953C499 /* ThermyxViewModel.swift */; };
		9C85ABCF15743AE04D22D0F1 /* ThermyxApp.swift in Sources */ = {isa = PBXBuildFile; fileRef = D0981823669E5FAFFB1E60C0 /* ThermyxApp.swift */; };
		9C91CEDE970449ABB8246193 /* ThermyxRisk.swift in Sources */ = {isa = PBXBuildFile; fileRef = 6D4E21B10E971DDDF2D359FD /* ThermyxRisk.swift */; };
		AD84DD529A339B3FB4B8CDF1 /* ContentView.swift in Sources */ = {isa = PBXBuildFile; fileRef = 68E0DB5D2E2460C103FBA73E /* ContentView.swift */; };
		BEBB40EE38322A38F8CD33DF /* ThermyxAlertAPIClient.swift in Sources */ = {isa = PBXBuildFile; fileRef = B7FA5ADBE3D64842A5A62581 /* ThermyxAlertAPIClient.swift */; };
		C48472AAD4DC6FC967D6D25D /* ThermyxRole.swift in Sources */ = {isa = PBXBuildFile; fileRef = 676797A2CFD915210A267565 /* ThermyxRole.swift */; };
		CEBACEBA7A6788B18A6005DB /* OnboardingView.swift in Sources */ = {isa = PBXBuildFile; fileRef = 09C995047A3689BD7874FD62 /* OnboardingView.swift */; };
		D51A796CEBE9AE52DBD383CF /* ThermyxReading.swift in Sources */ = {isa = PBXBuildFile; fileRef = D20B1226385D30E8AE1D8B52 /* ThermyxReading.swift */; };
		F7ECF81ED9203C2C292A3ACC /* ThermyxContact.swift in Sources */ = {isa = PBXBuildFile; fileRef = 0F7B0162055BBFC2D5F5015B /* ThermyxContact.swift */; };
/* End PBXBuildFile section */

/* Begin PBXFileReference section */
		01080BFDCEC28F25EBE44728 /* ThermyxAlertCoordinator.swift */ = {isa = PBXFileReference; lastKnownFileType = sourcecode.swift; path = ThermyxAlertCoordinator.swift; sourceTree = "<group>"; };
		09C995047A3689BD7874FD62 /* OnboardingView.swift */ = {isa = PBXFileReference; lastKnownFileType = sourcecode.swift; path = OnboardingView.swift; sourceTree = "<group>"; };
		0F7B0162055BBFC2D5F5015B /* ThermyxContact.swift */ = {isa = PBXFileReference; lastKnownFileType = sourcecode.swift; path = ThermyxContact.swift; sourceTree = "<group>"; };
		2D64403C90A2280F8ADB3102 /* ThermyxSettingsStore.swift */ = {isa = PBXFileReference; lastKnownFileType = sourcecode.swift; path = ThermyxSettingsStore.swift; sourceTree = "<group>"; };
		676797A2CFD915210A267565 /* ThermyxRole.swift */ = {isa = PBXFileReference; lastKnownFileType = sourcecode.swift; path = ThermyxRole.swift; sourceTree = "<group>"; };
		68E0DB5D2E2460C103FBA73E /* ContentView.swift */ = {isa = PBXFileReference; lastKnownFileType = sourcecode.swift; path = ContentView.swift; sourceTree = "<group>"; };
		6C3F4513956836B6B953C499 /* ThermyxViewModel.swift */ = {isa = PBXFileReference; lastKnownFileType = sourcecode.swift; path = ThermyxViewModel.swift; sourceTree = "<group>"; };
		6D4E21B10E971DDDF2D359FD /* ThermyxRisk.swift */ = {isa = PBXFileReference; lastKnownFileType = sourcecode.swift; path = ThermyxRisk.swift; sourceTree = "<group>"; };
		6D9425519B32F4E81A7780E5 /* Assets.xcassets */ = {isa = PBXFileReference; lastKnownFileType = folder.assetcatalog; path = Assets.xcassets; sourceTree = "<group>"; };
		7CA538DFA4600B68E099332A /* ThermyxBLEService.swift */ = {isa = PBXFileReference; lastKnownFileType = sourcecode.swift; path = ThermyxBLEService.swift; sourceTree = "<group>"; };
		806EF6D0EE937252EF515B17 /* TrustedMemberViewModel.swift */ = {isa = PBXFileReference; lastKnownFileType = sourcecode.swift; path = TrustedMemberViewModel.swift; sourceTree = "<group>"; };
		915F6D38E6EDA39633E35494 /* Info.plist */ = {isa = PBXFileReference; lastKnownFileType = text.plist; path = Info.plist; sourceTree = "<group>"; };
		B7FA5ADBE3D64842A5A62581 /* ThermyxAlertAPIClient.swift */ = {isa = PBXFileReference; lastKnownFileType = sourcecode.swift; path = ThermyxAlertAPIClient.swift; sourceTree = "<group>"; };
		B8D64CE29AFB54B490E72D4D /* ThermyxApp.app */ = {isa = PBXFileReference; includeInIndex = 0; lastKnownFileType = wrapper.application; path = ThermyxApp.app; sourceTree = BUILT_PRODUCTS_DIR; };
		D0981823669E5FAFFB1E60C0 /* ThermyxApp.swift */ = {isa = PBXFileReference; lastKnownFileType = sourcecode.swift; path = ThermyxApp.swift; sourceTree = "<group>"; };
		D20B1226385D30E8AE1D8B52 /* ThermyxReading.swift */ = {isa = PBXFileReference; lastKnownFileType = sourcecode.swift; path = ThermyxReading.swift; sourceTree = "<group>"; };
		E7469F5A61122AB8652C6F7C /* BLE_PROTOCOL.md */ = {isa = PBXFileReference; lastKnownFileType = net.daringfireball.markdown; path = BLE_PROTOCOL.md; sourceTree = "<group>"; };
/* End PBXFileReference section */

/* Begin PBXGroup section */
		0CD2C62DB7168FA14A220458 = {
			isa = PBXGroup;
			children = (
				DCE2114BD1A7CB70839DC555 /* ThermyxApp */,
				3C08F1C92CE8B9ED12BC19CB /* Products */,
			);
			sourceTree = "<group>";
		};
		2AD2F0DCD9D0E3F479C2C145 /* ViewModels */ = {
			isa = PBXGroup;
			children = (
				6C3F4513956836B6B953C499 /* ThermyxViewModel.swift */,
				806EF6D0EE937252EF515B17 /* TrustedMemberViewModel.swift */,
			);
			path = ViewModels;
			sourceTree = "<group>";
		};
		3C08F1C92CE8B9ED12BC19CB /* Products */ = {
			isa = PBXGroup;
			children = (
				B8D64CE29AFB54B490E72D4D /* ThermyxApp.app */,
			);
			name = Products;
			sourceTree = "<group>";
		};
		8172580AC610E376FDC2460A /* Models */ = {
			isa = PBXGroup;
			children = (
				0F7B0162055BBFC2D5F5015B /* ThermyxContact.swift */,
				D20B1226385D30E8AE1D8B52 /* ThermyxReading.swift */,
				6D4E21B10E971DDDF2D359FD /* ThermyxRisk.swift */,
				676797A2CFD915210A267565 /* ThermyxRole.swift */,
			);
			path = Models;
			sourceTree = "<group>";
		};
		8616A4957FA34896E56C60E3 /* Services */ = {
			isa = PBXGroup;
			children = (
				B7FA5ADBE3D64842A5A62581 /* ThermyxAlertAPIClient.swift */,
				01080BFDCEC28F25EBE44728 /* ThermyxAlertCoordinator.swift */,
				7CA538DFA4600B68E099332A /* ThermyxBLEService.swift */,
				2D64403C90A2280F8ADB3102 /* ThermyxSettingsStore.swift */,
			);
			path = Services;
			sourceTree = "<group>";
		};
		86AB2FEEDCEDFA60B184BC1C /* Views */ = {
			isa = PBXGroup;
			children = (
				68E0DB5D2E2460C103FBA73E /* ContentView.swift */,
				09C995047A3689BD7874FD62 /* OnboardingView.swift */,
			);
			path = Views;
			sourceTree = "<group>";
		};
		DCE2114BD1A7CB70839DC555 /* ThermyxApp */ = {
			isa = PBXGroup;
			children = (
				6D9425519B32F4E81A7780E5 /* Assets.xcassets */,
				E7469F5A61122AB8652C6F7C /* BLE_PROTOCOL.md */,
				915F6D38E6EDA39633E35494 /* Info.plist */,
				D0981823669E5FAFFB1E60C0 /* ThermyxApp.swift */,
				8172580AC610E376FDC2460A /* Models */,
				8616A4957FA34896E56C60E3 /* Services */,
				2AD2F0DCD9D0E3F479C2C145 /* ViewModels */,
				86AB2FEEDCEDFA60B184BC1C /* Views */,
			);
			path = ThermyxApp;
			sourceTree = "<group>";
		};
/* End PBXGroup section */

/* Begin PBXNativeTarget section */
		556EA8B52135F627F617D0EB /* ThermyxApp */ = {
			isa = PBXNativeTarget;
			buildConfigurationList = 6EC03C7107354DFE28FC698A /* Build configuration list for PBXNativeTarget "ThermyxApp" */;
			buildPhases = (
				3E57D535BEB2179D0639FAC4 /* Sources */,
				E232E33643D948AE74F24588 /* Resources */,
			);
			buildRules = (
			);
			dependencies = (
			);
			name = ThermyxApp;
			packageProductDependencies = (
			);
			productName = ThermyxApp;
			productReference = B8D64CE29AFB54B490E72D4D /* ThermyxApp.app */;
			productType = "com.apple.product-type.application";
		};
/* End PBXNativeTarget section */

/* Begin PBXProject section */
		CFF912C1B73C3B666D3A5C37 /* Project object */ = {
			isa = PBXProject;
			attributes = {
				BuildIndependentTargetsInParallel = YES;
				LastUpgradeCheck = 1430;
				TargetAttributes = {
				};
			};
			buildConfigurationList = 15FAF5DC4B2CC9785F4F685D /* Build configuration list for PBXProject "ThermyxApp" */;
			developmentRegion = en;
			hasScannedForEncodings = 0;
			knownRegions = (
				Base,
				en,
			);
			mainGroup = 0CD2C62DB7168FA14A220458;
			minimizedProjectReferenceProxies = 1;
			preferredProjectObjectVersion = 77;
			productRefGroup = 3C08F1C92CE8B9ED12BC19CB /* Products */;
			projectDirPath = "";
			projectRoot = "";
			targets = (
				556EA8B52135F627F617D0EB /* ThermyxApp */,
			);
		};
/* End PBXProject section */

/* Begin PBXResourcesBuildPhase section */
		E232E33643D948AE74F24588 /* Resources */ = {
			isa = PBXResourcesBuildPhase;
			buildActionMask = 2147483647;
			files = (
				45D62C4F099664E4D7B930FA /* Assets.xcassets in Resources */,
				55D883179F8EDF526F639108 /* BLE_PROTOCOL.md in Resources */,
			);
			runOnlyForDeploymentPostprocessing = 0;
		};
/* End PBXResourcesBuildPhase section */

/* Begin PBXSourcesBuildPhase section */
		3E57D535BEB2179D0639FAC4 /* Sources */ = {
			isa = PBXSourcesBuildPhase;
			buildActionMask = 2147483647;
			files = (
				AD84DD529A339B3FB4B8CDF1 /* ContentView.swift in Sources */,
				CEBACEBA7A6788B18A6005DB /* OnboardingView.swift in Sources */,
				BEBB40EE38322A38F8CD33DF /* ThermyxAlertAPIClient.swift in Sources */,
				2DB8DB3B580A74FDE3E59A38 /* ThermyxAlertCoordinator.swift in Sources */,
				9C85ABCF15743AE04D22D0F1 /* ThermyxApp.swift in Sources */,
				1E41435352409C810D9AA888 /* ThermyxBLEService.swift in Sources */,
				F7ECF81ED9203C2C292A3ACC /* ThermyxContact.swift in Sources */,
				D51A796CEBE9AE52DBD383CF /* ThermyxReading.swift in Sources */,
				9C91CEDE970449ABB8246193 /* ThermyxRisk.swift in Sources */,
				C48472AAD4DC6FC967D6D25D /* ThermyxRole.swift in Sources */,
				490531F524977FA6372ACBD0 /* ThermyxSettingsStore.swift in Sources */,
				90BD33275A3C87E67E5B3ABA /* ThermyxViewModel.swift in Sources */,
				02A4767584E661E1B483528A /* TrustedMemberViewModel.swift in Sources */,
			);
			runOnlyForDeploymentPostprocessing = 0;
		};
/* End PBXSourcesBuildPhase section */

/* Begin XCBuildConfiguration section */
		07A4B16E392249E33B9CDC21 /* Debug */ = {
			isa = XCBuildConfiguration;
			buildSettings = {
				ASSETCATALOG_COMPILER_APPICON_NAME = AppIcon;
				CODE_SIGN_IDENTITY = "iPhone Developer";
				INFOPLIST_FILE = ThermyxApp/Info.plist;
				LD_RUNPATH_SEARCH_PATHS = (
					"$(inherited)",
					"@executable_path/Frameworks",
				);
				PRODUCT_BUNDLE_IDENTIFIER = com.thermyx.app;
				SDKROOT = iphoneos;
				SWIFT_VERSION = 5.0;
				TARGETED_DEVICE_FAMILY = "1,2";
			};
			name = Debug;
		};
		6D679D87D1BB4F3CEFFCD0A6 /* Release */ = {
			isa = XCBuildConfiguration;
			buildSettings = {
				ALWAYS_SEARCH_USER_PATHS = NO;
				CLANG_ANALYZER_NONNULL = YES;
				CLANG_ANALYZER_NUMBER_OBJECT_CONVERSION = YES_AGGRESSIVE;
				CLANG_CXX_LANGUAGE_STANDARD = "gnu++14";
				CLANG_CXX_LIBRARY = "libc++";
				CLANG_ENABLE_MODULES = YES;
				CLANG_ENABLE_OBJC_ARC = YES;
				CLANG_ENABLE_OBJC_WEAK = YES;
				CLANG_WARN_BLOCK_CAPTURE_AUTORELEASING = YES;
				CLANG_WARN_BOOL_CONVERSION = YES;
				CLANG_WARN_COMMA = YES;
				CLANG_WARN_CONSTANT_CONVERSION = YES;
				CLANG_WARN_DEPRECATED_OBJC_IMPLEMENTATIONS = YES;
				CLANG_WARN_DIRECT_OBJC_ISA_USAGE = YES_ERROR;
				CLANG_WARN_DOCUMENTATION_COMMENTS = YES;
				CLANG_WARN_EMPTY_BODY = YES;
				CLANG_WARN_ENUM_CONVERSION = YES;
				CLANG_WARN_INFINITE_RECURSION = YES;
				CLANG_WARN_INT_CONVERSION = YES;
				CLANG_WARN_NON_LITERAL_NULL_CONVERSION = YES;
				CLANG_WARN_OBJC_IMPLICIT_RETAIN_SELF = YES;
				CLANG_WARN_OBJC_LITERAL_CONVERSION = YES;
				CLANG_WARN_OBJC_ROOT_CLASS = YES_ERROR;
				CLANG_WARN_QUOTED_INCLUDE_IN_FRAMEWORK_HEADER = YES;
				CLANG_WARN_RANGE_LOOP_ANALYSIS = YES;
				CLANG_WARN_STRICT_PROTOTYPES = YES;
				CLANG_WARN_SUSPICIOUS_MOVE = YES;
				CLANG_WARN_UNGUARDED_AVAILABILITY = YES_AGGRESSIVE;
				CLANG_WARN_UNREACHABLE_CODE = YES;
				CLANG_WARN__DUPLICATE_METHOD_MATCH = YES;
				COPY_PHASE_STRIP = NO;
				DEBUG_INFORMATION_FORMAT = "dwarf-with-dsym";
				ENABLE_NS_ASSERTIONS = NO;
				ENABLE_STRICT_OBJC_MSGSEND = YES;
				GCC_C_LANGUAGE_STANDARD = gnu11;
				GCC_NO_COMMON_BLOCKS = YES;
				GCC_WARN_64_TO_32_BIT_CONVERSION = YES;
				GCC_WARN_ABOUT_RETURN_TYPE = YES_ERROR;
				GCC_WARN_UNDECLARED_SELECTOR = YES;
				GCC_WARN_UNINITIALIZED_AUTOS = YES_AGGRESSIVE;
				GCC_WARN_UNUSED_FUNCTION = YES;
				GCC_WARN_UNUSED_VARIABLE = YES;
				IPHONEOS_DEPLOYMENT_TARGET = 17.0;
				MTL_ENABLE_DEBUG_INFO = NO;
				MTL_FAST_MATH = YES;
				PRODUCT_NAME = "$(TARGET_NAME)";
				SDKROOT = iphoneos;
				SWIFT_COMPILATION_MODE = wholemodule;
				SWIFT_OPTIMIZATION_LEVEL = "-O";
				SWIFT_VERSION = 5.0;
			};
			name = Release;
		};
		73CB9787592DE21AA66A3EDC /* Release */ = {
			isa = XCBuildConfiguration;
			buildSettings = {
				ASSETCATALOG_COMPILER_APPICON_NAME = AppIcon;
				CODE_SIGN_IDENTITY = "iPhone Developer";
				INFOPLIST_FILE = ThermyxApp/Info.plist;
				LD_RUNPATH_SEARCH_PATHS = (
					"$(inherited)",
					"@executable_path/Frameworks",
				);
				PRODUCT_BUNDLE_IDENTIFIER = com.thermyx.app;
				SDKROOT = iphoneos;
				SWIFT_VERSION = 5.0;
				TARGETED_DEVICE_FAMILY = "1,2";
			};
			name = Release;
		};
		FF2E3404EA1AC5CE76AAF10E /* Debug */ = {
			isa = XCBuildConfiguration;
			buildSettings = {
				ALWAYS_SEARCH_USER_PATHS = NO;
				CLANG_ANALYZER_NONNULL = YES;
				CLANG_ANALYZER_NUMBER_OBJECT_CONVERSION = YES_AGGRESSIVE;
				CLANG_CXX_LANGUAGE_STANDARD = "gnu++14";
				CLANG_CXX_LIBRARY = "libc++";
				CLANG_ENABLE_MODULES = YES;
				CLANG_ENABLE_OBJC_ARC = YES;
				CLANG_ENABLE_OBJC_WEAK = YES;
				CLANG_WARN_BLOCK_CAPTURE_AUTORELEASING = YES;
				CLANG_WARN_BOOL_CONVERSION = YES;
				CLANG_WARN_COMMA = YES;
				CLANG_WARN_CONSTANT_CONVERSION = YES;
				CLANG_WARN_DEPRECATED_OBJC_IMPLEMENTATIONS = YES;
				CLANG_WARN_DIRECT_OBJC_ISA_USAGE = YES_ERROR;
				CLANG_WARN_DOCUMENTATION_COMMENTS = YES;
				CLANG_WARN_EMPTY_BODY = YES;
				CLANG_WARN_ENUM_CONVERSION = YES;
				CLANG_WARN_INFINITE_RECURSION = YES;
				CLANG_WARN_INT_CONVERSION = YES;
				CLANG_WARN_NON_LITERAL_NULL_CONVERSION = YES;
				CLANG_WARN_OBJC_IMPLICIT_RETAIN_SELF = YES;
				CLANG_WARN_OBJC_LITERAL_CONVERSION = YES;
				CLANG_WARN_OBJC_ROOT_CLASS = YES_ERROR;
				CLANG_WARN_QUOTED_INCLUDE_IN_FRAMEWORK_HEADER = YES;
				CLANG_WARN_RANGE_LOOP_ANALYSIS = YES;
				CLANG_WARN_STRICT_PROTOTYPES = YES;
				CLANG_WARN_SUSPICIOUS_MOVE = YES;
				CLANG_WARN_UNGUARDED_AVAILABILITY = YES_AGGRESSIVE;
				CLANG_WARN_UNREACHABLE_CODE = YES;
				CLANG_WARN__DUPLICATE_METHOD_MATCH = YES;
				COPY_PHASE_STRIP = NO;
				DEBUG_INFORMATION_FORMAT = dwarf;
				ENABLE_STRICT_OBJC_MSGSEND = YES;
				ENABLE_TESTABILITY = YES;
				GCC_C_LANGUAGE_STANDARD = gnu11;
				GCC_DYNAMIC_NO_PIC = NO;
				GCC_NO_COMMON_BLOCKS = YES;
				GCC_OPTIMIZATION_LEVEL = 0;
				GCC_PREPROCESSOR_DEFINITIONS = (
					"$(inherited)",
					"DEBUG=1",
				);
				GCC_WARN_64_TO_32_BIT_CONVERSION = YES;
				GCC_WARN_ABOUT_RETURN_TYPE = YES_ERROR;
				GCC_WARN_UNDECLARED_SELECTOR = YES;
				GCC_WARN_UNINITIALIZED_AUTOS = YES_AGGRESSIVE;
				GCC_WARN_UNUSED_FUNCTION = YES;
				GCC_WARN_UNUSED_VARIABLE = YES;
				IPHONEOS_DEPLOYMENT_TARGET = 17.0;
				MTL_ENABLE_DEBUG_INFO = INCLUDE_SOURCE;
				MTL_FAST_MATH = YES;
				ONLY_ACTIVE_ARCH = YES;
				PRODUCT_NAME = "$(TARGET_NAME)";
				SDKROOT = iphoneos;
				SWIFT_ACTIVE_COMPILATION_CONDITIONS = DEBUG;
				SWIFT_OPTIMIZATION_LEVEL = "-Onone";
				SWIFT_VERSION = 5.0;
			};
			name = Debug;
		};
/* End XCBuildConfiguration section */

/* Begin XCConfigurationList section */
		15FAF5DC4B2CC9785F4F685D /* Build configuration list for PBXProject "ThermyxApp" */ = {
			isa = XCConfigurationList;
			buildConfigurations = (
				FF2E3404EA1AC5CE76AAF10E /* Debug */,
				6D679D87D1BB4F3CEFFCD0A6 /* Release */,
			);
			defaultConfigurationIsVisible = 0;
			defaultConfigurationName = Debug;
		};
		6EC03C7107354DFE28FC698A /* Build configuration list for PBXNativeTarget "ThermyxApp" */ = {
			isa = XCConfigurationList;
			buildConfigurations = (
				07A4B16E392249E33B9CDC21 /* Debug */,
				73CB9787592DE21AA66A3EDC /* Release */,
			);
			defaultConfigurationIsVisible = 0;
			defaultConfigurationName = Debug;
		};
/* End XCConfigurationList section */
	};
	rootObject = CFF912C1B73C3B666D3A5C37 /* Project object */;
}
